
Microsoft Visual Studio Solution File, Format Version 12.00
# Visual Studio Version 17
VisualStudioVersion = 17.5.33516.290
MinimumVisualStudioVersion = 10.0.40219.1

Project("{FAE04EC0-301F-11D3-BF4B-00C04F79EFBC}") = "FBS.PL", "FBS.PL\FBS.PL.csproj", "{685030C0-5274-45F3-A688-FC68F444251A}"
EndProject
Project("{FAE04EC0-301F-11D3-BF4B-00C04F79EFBC}") = "FBS.BO", "FBS.BO\FBS.BO.csproj", "{737F7692-2377-4252-B901-4FE0CFD000C8}"
EndProject
Project("{FAE04EC0-301F-11D3-BF4B-00C04F79EFBC}") = "FBS.DAL", "FBS.DAL\FBS.DAL.csproj", "{F20A379B-4913-4340-8815-E70EBAF5A463}"

	EndGlobalSection
	GlobalSection(SolutionProperties) = preSolution
		HideSolutionNode = FALSE
	EndGlobalSection
	GlobalSection(ExtensibilityGlobals) = postSolution
		SolutionGuid = {C3354960-644E-47B8-A7E3-74AF5FC4BBB8}
	EndGlobalSection
EndGlobal
